
Microsoft Visual Studio Solution File, Format Version 12.00
# Visual Studio 15
VisualStudioVersion = 15.0.33026.149
MinimumVisualStudioVersion = 10.0.40219.1
Project("{8BC9CEB8-8B4A-11D0-8D11-00A0C91BC942}") = "KD", "KD.vcxproj", "{301BA12B-C534-4974-AA4C-F91DB63A3B9D}"
EndProject
Global
	GlobalSection(SolutionConfigurationPlatforms) = preSolution
		Debug|x86 = Debug|x86
		Release|x86 = Release|x86
	EndGlobalSection
	GlobalSection(ProjectConfigurationPlatforms) = postSolution
		{301BA12B-C534-4974-AA4C-F91DB63A3B9D}.Debug|x86.ActiveCfg = Debug|Win32
		{301BA12B-C534-4974-AA4C-F91DB63A3B9D}.Debug|x86.Build.0 = Debug|Win32
		{301BA12B-C534-4974-AA4C-F91DB63A3B9D}.Release|x86.ActiveCfg = Release|Win32
		{301BA12B-C534-4974-AA4C-F91DB63A3B9D}.Release|x86.Build.0 = Release|Win32
	EndGlobalSection
	GlobalSection(SolutionProperties) = preSolution
		HideSolutionNode = FALSE
	EndGlobalSection
	GlobalSection(ExtensibilityGlobals) = postSolution
		SolutionGuid = {208C6EDA-9F08-4D7D-9665-E167833854C1}
	EndGlobalSection
EndGlobal
